
Microsoft Visual Studio Solution File, Format Version 12.00
# Visual Studio Version 17
VisualStudioVersion = 17.10.35122.118
MinimumVisualStudioVersion = 10.0.40219.1
Project("{9A19103F-16F7-4668-BE54-9A1E7A4F7556}") = "DataAccess", "DataAccess\DataAccess.csproj", "{523B8B4C-69BA-4BC3-BDE3-BAE521EFF561}"
EndProject
Project("{9A19103F-16F7-4668-BE54-9A1E7A4F7556}") = "Business", "Busıness\Business.csproj", "{7BC51C74-A5B2-49AB-BB74-0A3F1AAEB9B6}"
EndProject
Project("{9A19103F-16F7-4668-BE54-9A1E7A4F7556}") = "Entities", "Entities\Entities.csproj", "{C0FB54FC-25D5-4982-9B2E-D99FBB5A6BB9}"
EndProject
Project("{9A19103F-16F7-4668-BE54-9A1E7A4F7556}") = "ConsolUI", "ConsolUI\ConsolUI.csproj", "{B28D6A5E-41EB-4D56-96B8-A3CC1E598CC1}"
EndProject
Project("{9A19103F-16F7-4668-BE54-9A1E7A4F7556}") = "Core", "Core\Core.csproj", "{6CE06EE3-ACC1-4A39-951B-8B0274E9F18E}"
EndProject
Project("{9A19103F-16F7-4668-BE54-9A1E7A4F7556}") = "WebAPI", "WebAPI\WebAPI.csproj", "{B3D9DE92-7CD2-407A-AFC7-442AF610DED6}"
EndProject
Global
	GlobalSection(SolutionConfigurationPlatforms) = preSolution
		Debug|Any CPU = Debug|Any CPU
		Release|Any CPU = Release|Any CPU
	EndGlobalSection
	GlobalSection(ProjectConfigurationPlatforms) = postSolution
		{523B8B4C-69BA-4BC3-BDE3-BAE521EFF561}.Debug|Any CPU.ActiveCfg = Debug|Any CPU
		{523B8B4C-69BA-4BC3-BDE3-BAE521EFF561}.Debug|Any CPU.Build.0 = Debug|Any CPU
		{523B8B4C-69BA-4BC3-BDE3-BAE521EFF561}.Release|Any CPU.ActiveCfg = Release|Any CPU
		{523B8B4C-69BA-4BC3-BDE3-BAE521EFF561}.Release|Any CPU.Build.0 = Release|Any CPU
		{7BC51C74-A5B2-49AB-BB74-0A3F1AAEB9B6}.Debug|Any CPU.ActiveCfg = Debug|Any CPU
		{7BC51C74-A5B2-49AB-BB74-0A3F1AAEB9B6}.Debug|Any CPU.Build.0 = Debug|Any CPU
		{7BC51C74-A5B2-49AB-BB74-0A3F1AAEB9B6}.Release|Any CPU.ActiveCfg = Release|Any CPU
		{7BC51C74-A5B2-49AB-BB74-0A3F1AAEB9B6}.Release|Any CPU.Build.0 = Release|Any CPU
		{C0FB54FC-25D5-4982-9B2E-D99FBB5A6BB9}.Debug|Any CPU.ActiveCfg = Debug|Any CPU
		{C0FB54FC-25D5-4982-9B2E-D99FBB5A6BB9}.Debug|Any CPU.Build.0 = Debug|Any CPU
		{C0FB54FC-25D5-4982-9B2E-D99FBB5A6BB9}.Release|Any CPU.ActiveCfg = Release|Any CPU
		{C0FB54FC-25D5-4982-9B2E-D99FBB5A6BB9}.Release|Any CPU.Build.0 = Release|Any CPU
		{B28D6A5E-41EB-4D56-96B8-A3CC1E598CC1}.Debug|Any CPU.ActiveCfg = Debug|Any CPU
		{B28D6A5E-41EB-4D56-96B8-A3CC1E598CC1}.Debug|Any CPU.Build.0 = Debug|Any CPU
		{B28D6A5E-41EB-4D56-96B8-A3CC1E598CC1}.Release|Any CPU.ActiveCfg = Release|Any CPU
		{B28D6A5E-41EB-4D56-96B8-A3CC1E598CC1}.Release|Any CPU.Build.0 = Release|Any CPU
		{6CE06EE3-ACC1-4A39-951B-8B0274E9F18E}.Debug|Any CPU.ActiveCfg = Debug|Any CPU
		{6CE06EE3-ACC1-4A39-951B-8B0274E9F18E}.Debug|Any CPU.Build.0 = Debug|Any CPU
		{6CE06EE3-ACC1-4A39-951B-8B0274E9F18E}.Release|Any CPU.ActiveCfg = Release|Any CPU
		{6CE06EE3-ACC1-4A39-951B-8B0274E9F18E}.Release|Any CPU.Build.0 = Release|Any CPU
		{B3D9DE92-7CD2-407A-AFC7-442AF610DED6}.Debug|Any CPU.ActiveCfg = Debug|Any CPU
		{B3D9DE92-7CD2-407A-AFC7-442AF610DED6}.Debug|Any CPU.Build.0 = Debug|Any CPU
		{B3D9DE92-7CD2-407A-AFC7-442AF610DED6}.Release|Any CPU.ActiveCfg = Release|Any CPU
		{B3D9DE92-7CD2-407A-AFC7-442AF610DED6}.Release|Any CPU.Build.0 = Release|Any CPU
	EndGlobalSection
	GlobalSection(SolutionProperties) = preSolution
		HideSolutionNode = FALSE
	EndGlobalSection
	GlobalSection(ExtensibilityGlobals) = postSolution
		SolutionGuid = {995F64BB-6F5E-44A4-891B-7EC3E28E803E}
	EndGlobalSection
EndGlobal
